// !$*UTF8*$!
{
	archiveVersion = 1;
	classes = {
	};
	objectVersion = 56;
	objects = {

/* Begin PBXBuildFile section */
		51253E9DEEAB3569A547D2F3 /* Pods_Volleyer.framework in Frameworks */ = {isa = PBXBuildFile; fileRef = 1A5A97EC46A1D1B15097F110 /* Pods_Volleyer.framework */; };
		C800511D2AB8349300FEA7FD /* MyPlayInfoViewController.swift in Sources */ = {isa = PBXBuildFile; fileRef = C800511C2AB8349300FEA7FD /* MyPlayInfoViewController.swift */; };
		C800511F2AB834A000FEA7FD /* MyFinderInfoViewController.swift in Sources */ = {isa = PBXBuildFile; fileRef = C800511E2AB834A000FEA7FD /* MyFinderInfoViewController.swift */; };
		C80051232AB844F700FEA7FD /* RandomTeamViewController.swift in Sources */ = {isa = PBXBuildFile; fileRef = C80051222AB844F700FEA7FD /* RandomTeamViewController.swift */; };
		C800512B2AB92C8B00FEA7FD /* CameraViewController.swift in Sources */ = {isa = PBXBuildFile; fileRef = C800512A2AB92C8B00FEA7FD /* CameraViewController.swift */; };
		C800512F2AB9890700FEA7FD /* User.swift in Sources */ = {isa = PBXBuildFile; fileRef = C800512E2AB9890700FEA7FD /* User.swift */; };
		C86E14B22AB1AF4C00CBA201 /* AppDelegate.swift in Sources */ = {isa = PBXBuildFile; fileRef = C86E14B12AB1AF4C00CBA201 /* AppDelegate.swift */; };
		C86E14B42AB1AF4C00CBA201 /* SceneDelegate.swift in Sources */ = {isa = PBXBuildFile; fileRef = C86E14B32AB1AF4C00CBA201 /* SceneDelegate.swift */; };
		C86E14B62AB1AF4C00CBA201 /* FinderViewController.swift in Sources */ = {isa = PBXBuildFile; fileRef = C86E14B52AB1AF4C00CBA201 /* FinderViewController.swift */; };
		C86E14BB2AB1AF4E00CBA201 /* Assets.xcassets in Resources */ = {isa = PBXBuildFile; fileRef = C86E14BA2AB1AF4E00CBA201 /* Assets.xcassets */; };
		C86E14BE2AB1AF4E00CBA201 /* LaunchScreen.storyboard in Resources */ = {isa = PBXBuildFile; fileRef = C86E14BC2AB1AF4E00CBA201 /* LaunchScreen.storyboard */; };
		C86E15102AB31FF300CBA201 /* FinderTableViewCell.swift in Sources */ = {isa = PBXBuildFile; fileRef = C86E150F2AB31FF300CBA201 /* FinderTableViewCell.swift */; };
		C86E15132AB42A6A00CBA201 /* .swiftlint.yml in Resources */ = {isa = PBXBuildFile; fileRef = C86E15122AB42A6A00CBA201 /* .swiftlint.yml */; };
		C86E15152AB437AB00CBA201 /* NavBarAndTabBar.swift in Sources */ = {isa = PBXBuildFile; fileRef = C86E15142AB437AB00CBA201 /* NavBarAndTabBar.swift */; };
		C86E15172AB438BF00CBA201 /* MyViewController.swift in Sources */ = {isa = PBXBuildFile; fileRef = C86E15162AB438BF00CBA201 /* MyViewController.swift */; };
		C86E15192AB438EE00CBA201 /* CompetitionsViewController.swift in Sources */ = {isa = PBXBuildFile; fileRef = C86E15182AB438EE00CBA201 /* CompetitionsViewController.swift */; };
		C86E151D2AB4392700CBA201 /* CommunityViewController.swift in Sources */ = {isa = PBXBuildFile; fileRef = C86E151C2AB4392700CBA201 /* CommunityViewController.swift */; };
		C86E151F2AB43B8600CBA201 /* TabBarViewController.swift in Sources */ = {isa = PBXBuildFile; fileRef = C86E151E2AB43B8600CBA201 /* TabBarViewController.swift */; };
		C86E15212AB4436B00CBA201 /* EstablishFinderViewController.swift in Sources */ = {isa = PBXBuildFile; fileRef = C86E15202AB4436B00CBA201 /* EstablishFinderViewController.swift */; };
		C86E15242AB4A33600CBA201 /* StandardAmounts.swift in Sources */ = {isa = PBXBuildFile; fileRef = C86E15232AB4A33600CBA201 /* StandardAmounts.swift */; };
		C86E15262AB4A35500CBA201 /* Levels.swift in Sources */ = {isa = PBXBuildFile; fileRef = C86E15252AB4A35500CBA201 /* Levels.swift */; };
		C86E15282AB5584B00CBA201 /* PlayerListTableView.swift in Sources */ = {isa = PBXBuildFile; fileRef = C86E15272AB5584B00CBA201 /* PlayerListTableView.swift */; };
		C86E152A2AB55ABA00CBA201 /* PlayerListTableViewCell.swift in Sources */ = {isa = PBXBuildFile; fileRef = C86E15292AB55ABA00CBA201 /* PlayerListTableViewCell.swift */; };
		C86E152C2AB5897500CBA201 /* Seletions.swift in Sources */ = {isa = PBXBuildFile; fileRef = C86E152B2AB5897500CBA201 /* Seletions.swift */; };
		C86E152E2AB598CD00CBA201 /* Play.swift in Sources */ = {isa = PBXBuildFile; fileRef = C86E152D2AB598CD00CBA201 /* Play.swift */; };
		C86E15312AB5D69A00CBA201 /* DataManager.swift in Sources */ = {isa = PBXBuildFile; fileRef = C86E15302AB5D69A00CBA201 /* DataManager.swift */; };
		C86E15332AB6A52C00CBA201 /* MyFindersViewController.swift in Sources */ = {isa = PBXBuildFile; fileRef = C86E15322AB6A52C00CBA201 /* MyFindersViewController.swift */; };
		C86E15352AB6A54E00CBA201 /* MyPlaysViewController.swift in Sources */ = {isa = PBXBuildFile; fileRef = C86E15342AB6A54E00CBA201 /* MyPlaysViewController.swift */; };
		C86E15372AB6ABBB00CBA201 /* PlayInfoView.swift in Sources */ = {isa = PBXBuildFile; fileRef = C86E15362AB6ABBB00CBA201 /* PlayInfoView.swift */; };
		C86E15392AB6ECCF00CBA201 /* PlayTableViewCell.swift in Sources */ = {isa = PBXBuildFile; fileRef = C86E15382AB6ECCF00CBA201 /* PlayTableViewCell.swift */; };
		C86E153B2AB7FE6900CBA201 /* Competition.swift in Sources */ = {isa = PBXBuildFile; fileRef = C86E153A2AB7FE6900CBA201 /* Competition.swift */; };
		C86E153D2AB80DEF00CBA201 /* CompetitionTableViewCell.swift in Sources */ = {isa = PBXBuildFile; fileRef = C86E153C2AB80DEF00CBA201 /* CompetitionTableViewCell.swift */; };
		C86E15422AB8249400CBA201 /* AddPlayViewController.swift in Sources */ = {isa = PBXBuildFile; fileRef = C86E15412AB8249400CBA201 /* AddPlayViewController.swift */; };
		C89960FB2ABAE8C300C5D35D /* GoogleService-Info.plist in Resources */ = {isa = PBXBuildFile; fileRef = C89960FA2ABAE8C300C5D35D /* GoogleService-Info.plist */; };
		C89960FD2ABBE0D200C5D35D /* RequestsReceivedViewController.swift in Sources */ = {isa = PBXBuildFile; fileRef = C89960FC2ABBE0D200C5D35D /* RequestsReceivedViewController.swift */; };
		C89960FF2ABBEE9600C5D35D /* Requests.swift in Sources */ = {isa = PBXBuildFile; fileRef = C89960FE2ABBEE9600C5D35D /* Requests.swift */; };
		C89961012ABBF11500C5D35D /* RequestsTableViewCell.swift in Sources */ = {isa = PBXBuildFile; fileRef = C89961002ABBF11500C5D35D /* RequestsTableViewCell.swift */; };
		C89961032ABC183200C5D35D /* Notifications.swift in Sources */ = {isa = PBXBuildFile; fileRef = C89961022ABC183200C5D35D /* Notifications.swift */; };
		C89961072ABD687300C5D35D /* RequestSentViewController.swift in Sources */ = {isa = PBXBuildFile; fileRef = C89961062ABD687300C5D35D /* RequestSentViewController.swift */; };
		C89961092ABD933700C5D35D /* ProfileView.swift in Sources */ = {isa = PBXBuildFile; fileRef = C89961082ABD933700C5D35D /* ProfileView.swift */; };
		C899610B2ABD963D00C5D35D /* ProfileViewController.swift in Sources */ = {isa = PBXBuildFile; fileRef = C899610A2ABD963D00C5D35D /* ProfileViewController.swift */; };
		C899610D2ABDD3E300C5D35D /* InfoViewController.swift in Sources */ = {isa = PBXBuildFile; fileRef = C899610C2ABDD3E300C5D35D /* InfoViewController.swift */; };
		C899610F2AC038C600C5D35D /* PlayOne.storyboard in Resources */ = {isa = PBXBuildFile; fileRef = C899610E2AC038C600C5D35D /* PlayOne.storyboard */; };
		C89961112AC03C0700C5D35D /* PlayOneViewController.swift in Sources */ = {isa = PBXBuildFile; fileRef = C89961102AC03C0700C5D35D /* PlayOneViewController.swift */; };
		C89961132AC03C1E00C5D35D /* PlayOneTableViewCell.swift in Sources */ = {isa = PBXBuildFile; fileRef = C89961122AC03C1E00C5D35D /* PlayOneTableViewCell.swift */; };
		C89961152AC03C2C00C5D35D /* PlayOneCollectionViewCell.swift in Sources */ = {isa = PBXBuildFile; fileRef = C89961142AC03C2C00C5D35D /* PlayOneCollectionViewCell.swift */; };
		C89961172AC043D200C5D35D /* PlayOne.swift in Sources */ = {isa = PBXBuildFile; fileRef = C89961162AC043D200C5D35D /* PlayOne.swift */; };
		C89961192AC16BC400C5D35D /* PlayOneFinderViewController.swift in Sources */ = {isa = PBXBuildFile; fileRef = C89961182AC16BC400C5D35D /* PlayOneFinderViewController.swift */; };
		C899611E2AC2680300C5D35D /* UIImage+Extension.swift in Sources */ = {isa = PBXBuildFile; fileRef = C899611D2AC2680300C5D35D /* UIImage+Extension.swift */; };
		C89961202AC29BDE00C5D35D /* UIColor+Extension.swift in Sources */ = {isa = PBXBuildFile; fileRef = C899611F2AC29BDE00C5D35D /* UIColor+Extension.swift */; };
		C89961242AC2C32D00C5D35D /* Nunito-Italic-VariableFont_wght.ttf in Resources */ = {isa = PBXBuildFile; fileRef = C89961232AC2C31F00C5D35D /* Nunito-Italic-VariableFont_wght.ttf */; };
		C89961252AC2C33100C5D35D /* Nunito-VariableFont_wght.ttf in Resources */ = {isa = PBXBuildFile; fileRef = C89961222AC2C31F00C5D35D /* Nunito-VariableFont_wght.ttf */; };
		C89961272AC2C49600C5D35D /* UIFont+Extension.swift in Sources */ = {isa = PBXBuildFile; fileRef = C89961262AC2C49600C5D35D /* UIFont+Extension.swift */; };
/* End PBXBuildFile section */

/* Begin PBXFileReference section */
		1A5A97EC46A1D1B15097F110 /* Pods_Volleyer.framework */ = {isa = PBXFileReference; explicitFileType = wrapper.framework; includeInIndex = 0; path = Pods_Volleyer.framework; sourceTree = BUILT_PRODUCTS_DIR; };
		77A2C1FD5979003FEF520EB2 /* Pods-Volleyer.release.xcconfig */ = {isa = PBXFileReference; includeInIndex = 1; lastKnownFileType = text.xcconfig; name = "Pods-Volleyer.release.xcconfig"; path = "Target Support Files/Pods-Volleyer/Pods-Volleyer.release.xcconfig"; sourceTree = "<group>"; };
		C800511C2AB8349300FEA7FD /* MyPlayInfoViewController.swift */ = {isa = PBXFileReference; lastKnownFileType = sourcecode.swift; path = MyPlayInfoViewController.swift; sourceTree = "<group>"; };
		C800511E2AB834A000FEA7FD /* MyFinderInfoViewController.swift */ = {isa = PBXFileReference; lastKnownFileType = sourcecode.swift; path = MyFinderInfoViewController.swift; sourceTree = "<group>"; };
		C80051222AB844F700FEA7FD /* RandomTeamViewController.swift */ = {isa = PBXFileReference; lastKnownFileType = sourcecode.swift; path = RandomTeamViewController.swift; sourceTree = "<group>"; };
		C800512A2AB92C8B00FEA7FD /* CameraViewController.swift */ = {isa = PBXFileReference; lastKnownFileType = sourcecode.swift; path = CameraViewController.swift; sourceTree = "<group>"; };
		C800512E2AB9890700FEA7FD /* User.swift */ = {isa = PBXFileReference; lastKnownFileType = sourcecode.swift; path = User.swift; sourceTree = "<group>"; };
		C86E14AE2AB1AF4C00CBA201 /* Volleyer.app */ = {isa = PBXFileReference; explicitFileType = wrapper.application; includeInIndex = 0; path = Volleyer.app; sourceTree = BUILT_PRODUCTS_DIR; };
		C86E14B12AB1AF4C00CBA201 /* AppDelegate.swift */ = {isa = PBXFileReference; lastKnownFileType = sourcecode.swift; path = AppDelegate.swift; sourceTree = "<group>"; };
		C86E14B32AB1AF4C00CBA201 /* SceneDelegate.swift */ = {isa = PBXFileReference; lastKnownFileType = sourcecode.swift; path = SceneDelegate.swift; sourceTree = "<group>"; };
		C86E14B52AB1AF4C00CBA201 /* FinderViewController.swift */ = {isa = PBXFileReference; lastKnownFileType = sourcecode.swift; path = FinderViewController.swift; sourceTree = "<group>"; };
		C86E14BA2AB1AF4E00CBA201 /* Assets.xcassets */ = {isa = PBXFileReference; lastKnownFileType = folder.assetcatalog; path = Assets.xcassets; sourceTree = "<group>"; };
		C86E14BD2AB1AF4E00CBA201 /* Base */ = {isa = PBXFileReference; lastKnownFileType = file.storyboard; name = Base; path = Base.lproj/LaunchScreen.storyboard; sourceTree = "<group>"; };
		C86E14BF2AB1AF4E00CBA201 /* Info.plist */ = {isa = PBXFileReference; lastKnownFileType = text.plist.xml; path = Info.plist; sourceTree = "<group>"; };
		C86E150F2AB31FF300CBA201 /* FinderTableViewCell.swift */ = {isa = PBXFileReference; lastKnownFileType = sourcecode.swift; path = FinderTableViewCell.swift; sourceTree = "<group>"; };
		C86E15122AB42A6A00CBA201 /* .swiftlint.yml */ = {isa = PBXFileReference; fileEncoding = 4; lastKnownFileType = text.yaml; path = .swiftlint.yml; sourceTree = "<group>"; };
		C86E15142AB437AB00CBA201 /* NavBarAndTabBar.swift */ = {isa = PBXFileReference; lastKnownFileType = sourcecode.swift; path = NavBarAndTabBar.swift; sourceTree = "<group>"; };
		C86E15162AB438BF00CBA201 /* MyViewController.swift */ = {isa = PBXFileReference; lastKnownFileType = sourcecode.swift; path = MyViewController.swift; sourceTree = "<group>"; };
		C86E15182AB438EE00CBA201 /* CompetitionsViewController.swift */ = {isa = PBXFileReference; lastKnownFileType = sourcecode.swift; path = CompetitionsViewController.swift; sourceTree = "<group>"; };
		C86E151C2AB4392700CBA201 /* CommunityViewController.swift */ = {isa = PBXFileReference; lastKnownFileType = sourcecode.swift; path = CommunityViewController.swift; sourceTree = "<group>"; };
		C86E151E2AB43B8600CBA201 /* TabBarViewController.swift */ = {isa = PBXFileReference; lastKnownFileType = sourcecode.swift; path = TabBarViewController.swift; sourceTree = "<group>"; };
		C86E15202AB4436B00CBA201 /* EstablishFinderViewController.swift */ = {isa = PBXFileReference; lastKnownFileType = sourcecode.swift; path = EstablishFinderViewController.swift; sourceTree = "<group>"; };
		C86E15232AB4A33600CBA201 /* StandardAmounts.swift */ = {isa = PBXFileReference; lastKnownFileType = sourcecode.swift; path = StandardAmounts.swift; sourceTree = "<group>"; };
		C86E15252AB4A35500CBA201 /* Levels.swift */ = {isa = PBXFileReference; lastKnownFileType = sourcecode.swift; path = Levels.swift; sourceTree = "<group>"; };
		C86E15272AB5584B00CBA201 /* PlayerListTableView.swift */ = {isa = PBXFileReference; lastKnownFileType = sourcecode.swift; path = PlayerListTableView.swift; sourceTree = "<group>"; };
		C86E15292AB55ABA00CBA201 /* PlayerListTableViewCell.swift */ = {isa = PBXFileReference; lastKnownFileType = sourcecode.swift; path = PlayerListTableViewCell.swift; sourceTree = "<group>"; };
		C86E152B2AB5897500CBA201 /* Seletions.swift */ = {isa = PBXFileReference; lastKnownFileType = sourcecode.swift; path = Seletions.swift; sourceTree = "<group>"; };
		C86E152D2AB598CD00CBA201 /* Play.swift */ = {isa = PBXFileReference; lastKnownFileType = sourcecode.swift; path = Play.swift; sourceTree = "<group>"; };
		C86E15302AB5D69A00CBA201 /* DataManager.swift */ = {isa = PBXFileReference; lastKnownFileType = sourcecode.swift; path = DataManager.swift; sourceTree = "<group>"; };
		C86E15322AB6A52C00CBA201 /* MyFindersViewController.swift */ = {isa = PBXFileReference; lastKnownFileType = sourcecode.swift; path = MyFindersViewController.swift; sourceTree = "<group>"; };
		C86E15342AB6A54E00CBA201 /* MyPlaysViewController.swift */ = {isa = PBXFileReference; lastKnownFileType = sourcecode.swift; path = MyPlaysViewController.swift; sourceTree = "<group>"; };
		C86E15362AB6ABBB00CBA201 /* PlayInfoView.swift */ = {isa = PBXFileReference; lastKnownFileType = sourcecode.swift; path = PlayInfoView.swift; sourceTree = "<group>"; };
		C86E15382AB6ECCF00CBA201 /* PlayTableViewCell.swift */ = {isa = PBXFileReference; lastKnownFileType = sourcecode.swift; path = PlayTableViewCell.swift; sourceTree = "<group>"; };
		C86E153A2AB7FE6900CBA201 /* Competition.swift */ = {isa = PBXFileReference; lastKnownFileType = sourcecode.swift; path = Competition.swift; sourceTree = "<group>"; };
		C86E153C2AB80DEF00CBA201 /* CompetitionTableViewCell.swift */ = {isa = PBXFileReference; lastKnownFileType = sourcecode.swift; path = CompetitionTableViewCell.swift; sourceTree = "<group>"; };
		C86E15412AB8249400CBA201 /* AddPlayViewController.swift */ = {isa = PBXFileReference; lastKnownFileType = sourcecode.swift; path = AddPlayViewController.swift; sourceTree = "<group>"; };
		C89960FA2ABAE8C300C5D35D /* GoogleService-Info.plist */ = {isa = PBXFileReference; fileEncoding = 4; lastKnownFileType = text.plist.xml; path = "GoogleService-Info.plist"; sourceTree = "<group>"; };
		C89960FC2ABBE0D200C5D35D /* RequestsReceivedViewController.swift */ = {isa = PBXFileReference; lastKnownFileType = sourcecode.swift; path = RequestsReceivedViewController.swift; sourceTree = "<group>"; };
		C89960FE2ABBEE9600C5D35D /* Requests.swift */ = {isa = PBXFileReference; lastKnownFileType = sourcecode.swift; path = Requests.swift; sourceTree = "<group>"; };
		C89961002ABBF11500C5D35D /* RequestsTableViewCell.swift */ = {isa = PBXFileReference; lastKnownFileType = sourcecode.swift; path = RequestsTableViewCell.swift; sourceTree = "<group>"; };
		C89961022ABC183200C5D35D /* Notifications.swift */ = {isa = PBXFileReference; lastKnownFileType = sourcecode.swift; path = Notifications.swift; sourceTree = "<group>"; };
		C89961042ABC237C00C5D35D /* Volleyer.entitlements */ = {isa = PBXFileReference; lastKnownFileType = text.plist.entitlements; path = Volleyer.entitlements; sourceTree = "<group>"; };
		C89961062ABD687300C5D35D /* RequestSentViewController.swift */ = {isa = PBXFileReference; lastKnownFileType = sourcecode.swift; path = RequestSentViewController.swift; sourceTree = "<group>"; };
		C89961082ABD933700C5D35D /* ProfileView.swift */ = {isa = PBXFileReference; lastKnownFileType = sourcecode.swift; path = ProfileView.swift; sourceTree = "<group>"; };
		C899610A2ABD963D00C5D35D /* ProfileViewController.swift */ = {isa = PBXFileReference; lastKnownFileType = sourcecode.swift; path = ProfileViewController.swift; sourceTree = "<group>"; };
		C899610C2ABDD3E300C5D35D /* InfoViewController.swift */ = {isa = PBXFileReference; lastKnownFileType = sourcecode.swift; path = InfoViewController.swift; sourceTree = "<group>"; };
		C899610E2AC038C600C5D35D /* PlayOne.storyboard */ = {isa = PBXFileReference; lastKnownFileType = file.storyboard; path = PlayOne.storyboard; sourceTree = "<group>"; };
		C89961102AC03C0700C5D35D /* PlayOneViewController.swift */ = {isa = PBXFileReference; lastKnownFileType = sourcecode.swift; path = PlayOneViewController.swift; sourceTree = "<group>"; };
		C89961122AC03C1E00C5D35D /* PlayOneTableViewCell.swift */ = {isa = PBXFileReference; lastKnownFileType = sourcecode.swift; path = PlayOneTableViewCell.swift; sourceTree = "<group>"; };
		C89961142AC03C2C00C5D35D /* PlayOneCollectionViewCell.swift */ = {isa = PBXFileReference; lastKnownFileType = sourcecode.swift; path = PlayOneCollectionViewCell.swift; sourceTree = "<group>"; };
		C89961162AC043D200C5D35D /* PlayOne.swift */ = {isa = PBXFileReference; lastKnownFileType = sourcecode.swift; path = PlayOne.swift; sourceTree = "<group>"; };
		C89961182AC16BC400C5D35D /* PlayOneFinderViewController.swift */ = {isa = PBXFileReference; lastKnownFileType = sourcecode.swift; path = PlayOneFinderViewController.swift; sourceTree = "<group>"; };
		C899611D2AC2680300C5D35D /* UIImage+Extension.swift */ = {isa = PBXFileReference; lastKnownFileType = sourcecode.swift; path = "UIImage+Extension.swift"; sourceTree = "<group>"; };
		C899611F2AC29BDE00C5D35D /* UIColor+Extension.swift */ = {isa = PBXFileReference; lastKnownFileType = sourcecode.swift; path = "UIColor+Extension.swift"; sourceTree = "<group>"; };
		C89961222AC2C31F00C5D35D /* Nunito-VariableFont_wght.ttf */ = {isa = PBXFileReference; lastKnownFileType = file; path = "Nunito-VariableFont_wght.ttf"; sourceTree = "<group>"; };
		C89961232AC2C31F00C5D35D /* Nunito-Italic-VariableFont_wght.ttf */ = {isa = PBXFileReference; lastKnownFileType = file; path = "Nunito-Italic-VariableFont_wght.ttf"; sourceTree = "<group>"; };
		C89961262AC2C49600C5D35D /* UIFont+Extension.swift */ = {isa = PBXFileReference; lastKnownFileType = sourcecode.swift; path = "UIFont+Extension.swift"; sourceTree = "<group>"; };
		EB91A464CEF199896074B7AE /* Pods-Volleyer.debug.xcconfig */ = {isa = PBXFileReference; includeInIndex = 1; lastKnownFileType = text.xcconfig; name = "Pods-Volleyer.debug.xcconfig"; path = "Target Support Files/Pods-Volleyer/Pods-Volleyer.debug.xcconfig"; sourceTree = "<group>"; };
/* End PBXFileReference section */

/* Begin PBXFrameworksBuildPhase section */
		C86E14AB2AB1AF4C00CBA201 /* Frameworks */ = {
			isa = PBXFrameworksBuildPhase;
			buildActionMask = 2147483647;
			files = (
				51253E9DEEAB3569A547D2F3 /* Pods_Volleyer.framework in Frameworks */,
			);
			runOnlyForDeploymentPostprocessing = 0;
		};
/* End PBXFrameworksBuildPhase section */

/* Begin PBXGroup section */
		79C18332D75E61DF80DFB6C4 /* Frameworks */ = {
			isa = PBXGroup;
			children = (
				1A5A97EC46A1D1B15097F110 /* Pods_Volleyer.framework */,
			);
			name = Frameworks;
			sourceTree = "<group>";
		};
		C705EC19C13A7D0DA66696F5 /* Pods */ = {
			isa = PBXGroup;
			children = (
				EB91A464CEF199896074B7AE /* Pods-Volleyer.debug.xcconfig */,
				77A2C1FD5979003FEF520EB2 /* Pods-Volleyer.release.xcconfig */,
			);
			path = Pods;
			sourceTree = "<group>";
		};
		C80051202AB8443B00FEA7FD /* MyPage */ = {
			isa = PBXGroup;
			children = (
				C86E15162AB438BF00CBA201 /* MyViewController.swift */,
				C86E15322AB6A52C00CBA201 /* MyFindersViewController.swift */,
				C800511E2AB834A000FEA7FD /* MyFinderInfoViewController.swift */,
				C86E15342AB6A54E00CBA201 /* MyPlaysViewController.swift */,
				C800511C2AB8349300FEA7FD /* MyPlayInfoViewController.swift */,
				C86E15382AB6ECCF00CBA201 /* PlayTableViewCell.swift */,
				C89960FC2ABBE0D200C5D35D /* RequestsReceivedViewController.swift */,
				C89961062ABD687300C5D35D /* RequestSentViewController.swift */,
				C89961002ABBF11500C5D35D /* RequestsTableViewCell.swift */,
				C899610A2ABD963D00C5D35D /* ProfileViewController.swift */,
				C80051222AB844F700FEA7FD /* RandomTeamViewController.swift */,
			);
			path = MyPage;
			sourceTree = "<group>";
		};
		C80051212AB8445D00FEA7FD /* FinderPage */ = {
			isa = PBXGroup;
			children = (
				C86E14B52AB1AF4C00CBA201 /* FinderViewController.swift */,
				C86E150F2AB31FF300CBA201 /* FinderTableViewCell.swift */,
				C86E15202AB4436B00CBA201 /* EstablishFinderViewController.swift */,
				C86E15412AB8249400CBA201 /* AddPlayViewController.swift */,
			);
			path = FinderPage;
			sourceTree = "<group>";
		};
		C86E14A52AB1AF4C00CBA201 = {
			isa = PBXGroup;
			children = (
				C86E15122AB42A6A00CBA201 /* .swiftlint.yml */,
				C86E14B02AB1AF4C00CBA201 /* Volleyer */,
				C86E14AF2AB1AF4C00CBA201 /* Products */,
				C705EC19C13A7D0DA66696F5 /* Pods */,
				79C18332D75E61DF80DFB6C4 /* Frameworks */,
			);
			sourceTree = "<group>";
		};
		C86E14AF2AB1AF4C00CBA201 /* Products */ = {
			isa = PBXGroup;
			children = (
				C86E14AE2AB1AF4C00CBA201 /* Volleyer.app */,
			);
			name = Products;
			sourceTree = "<group>";
		};
		C86E14B02AB1AF4C00CBA201 /* Volleyer */ = {
			isa = PBXGroup;
			children = (
				C89961212AC2C31200C5D35D /* Fonts */,
				C89961042ABC237C00C5D35D /* Volleyer.entitlements */,
				C86E14B12AB1AF4C00CBA201 /* AppDelegate.swift */,
				C86E14B32AB1AF4C00CBA201 /* SceneDelegate.swift */,
				C899611C2AC267D700C5D35D /* Extension+ */,
				C86E15222AB4A30300CBA201 /* Model */,
				C86E152F2AB5AD9D00CBA201 /* ViewControllers */,
				C89961292AC4286400C5D35D /* CommonViews */,
				C86E15302AB5D69A00CBA201 /* DataManager.swift */,
				C89961022ABC183200C5D35D /* Notifications.swift */,
				C86E14BA2AB1AF4E00CBA201 /* Assets.xcassets */,
				C86E14BC2AB1AF4E00CBA201 /* LaunchScreen.storyboard */,
				C86E14BF2AB1AF4E00CBA201 /* Info.plist */,
				C89960FA2ABAE8C300C5D35D /* GoogleService-Info.plist */,
			);
			path = Volleyer;
			sourceTree = "<group>";
		};
		C86E15222AB4A30300CBA201 /* Model */ = {
			isa = PBXGroup;
			children = (
				C86E15142AB437AB00CBA201 /* NavBarAndTabBar.swift */,
				C86E15232AB4A33600CBA201 /* StandardAmounts.swift */,
				C86E15252AB4A35500CBA201 /* Levels.swift */,
				C86E152B2AB5897500CBA201 /* Seletions.swift */,
				C86E152D2AB598CD00CBA201 /* Play.swift */,
				C86E153A2AB7FE6900CBA201 /* Competition.swift */,
				C800512E2AB9890700FEA7FD /* User.swift */,
				C89960FE2ABBEE9600C5D35D /* Requests.swift */,
				C89961162AC043D200C5D35D /* PlayOne.swift */,
			);
			path = Model;
			sourceTree = "<group>";
		};
		C86E152F2AB5AD9D00CBA201 /* ViewControllers */ = {
			isa = PBXGroup;
			children = (
				C86E151E2AB43B8600CBA201 /* TabBarViewController.swift */,
				C80051212AB8445D00FEA7FD /* FinderPage */,
				C80051202AB8443B00FEA7FD /* MyPage */,
				C899612A2AC42BEF00C5D35D /* CompetitionPage */,
				C89961282AC41DAA00C5D35D /* PlayOnePage */,
				C899610C2ABDD3E300C5D35D /* InfoViewController.swift */,
				C86E151C2AB4392700CBA201 /* CommunityViewController.swift */,
			);
			path = ViewControllers;
			sourceTree = "<group>";
		};
		C899611C2AC267D700C5D35D /* Extension+ */ = {
			isa = PBXGroup;
			children = (
				C899611D2AC2680300C5D35D /* UIImage+Extension.swift */,
				C899611F2AC29BDE00C5D35D /* UIColor+Extension.swift */,
				C89961262AC2C49600C5D35D /* UIFont+Extension.swift */,
			);
			path = "Extension+";
			sourceTree = "<group>";
		};
		C89961212AC2C31200C5D35D /* Fonts */ = {
			isa = PBXGroup;
			children = (
				C89961232AC2C31F00C5D35D /* Nunito-Italic-VariableFont_wght.ttf */,
				C89961222AC2C31F00C5D35D /* Nunito-VariableFont_wght.ttf */,
			);
			path = Fonts;
			sourceTree = "<group>";
		};
		C89961282AC41DAA00C5D35D /* PlayOnePage */ = {
			isa = PBXGroup;
			children = (
				C899610E2AC038C600C5D35D /* PlayOne.storyboard */,
				C89961102AC03C0700C5D35D /* PlayOneViewController.swift */,
				C89961122AC03C1E00C5D35D /* PlayOneTableViewCell.swift */,
				C89961142AC03C2C00C5D35D /* PlayOneCollectionViewCell.swift */,
				C89961182AC16BC400C5D35D /* PlayOneFinderViewController.swift */,
				C800512A2AB92C8B00FEA7FD /* CameraViewController.swift */,
			);
			path = PlayOnePage;
			sourceTree = "<group>";
		};
		C89961292AC4286400C5D35D /* CommonViews */ = {
			isa = PBXGroup;
			children = (
				C86E15362AB6ABBB00CBA201 /* PlayInfoView.swift */,
				C89961082ABD933700C5D35D /* ProfileView.swift */,
				C86E15272AB5584B00CBA201 /* PlayerListTableView.swift */,
				C86E15292AB55ABA00CBA201 /* PlayerListTableViewCell.swift */,
			);
			path = CommonViews;
			sourceTree = "<group>";
		};
		C899612A2AC42BEF00C5D35D /* CompetitionPage */ = {
			isa = PBXGroup;
			children = (
				C86E15182AB438EE00CBA201 /* CompetitionsViewController.swift */,
				C86E153C2AB80DEF00CBA201 /* CompetitionTableViewCell.swift */,
			);
			path = CompetitionPage;
			sourceTree = "<group>";
		};
/* End PBXGroup section */

/* Begin PBXNativeTarget section */
		C86E14AD2AB1AF4C00CBA201 /* Volleyer */ = {
			isa = PBXNativeTarget;
			buildConfigurationList = C86E14C22AB1AF4E00CBA201 /* Build configuration list for PBXNativeTarget "Volleyer" */;
			buildPhases = (
				ABC7D4D0E4BF54FC923A0A0B /* [CP] Check Pods Manifest.lock */,
				C86E14AA2AB1AF4C00CBA201 /* Sources */,
				C86E14AB2AB1AF4C00CBA201 /* Frameworks */,
				C86E14AC2AB1AF4C00CBA201 /* Resources */,
				D7DDCE8F232239B9E66259F9 /* [CP] Embed Pods Frameworks */,
				C86E15112AB408ED00CBA201 /* ShellScript */,
			);
			buildRules = (
			);
			dependencies = (
			);
			name = Volleyer;
			productName = Volleyer;
			productReference = C86E14AE2AB1AF4C00CBA201 /* Volleyer.app */;
			productType = "com.apple.product-type.application";
		};
/* End PBXNativeTarget section */

/* Begin PBXProject section */
		C86E14A62AB1AF4C00CBA201 /* Project object */ = {
			isa = PBXProject;
			attributes = {
				BuildIndependentTargetsInParallel = 1;
				LastSwiftUpdateCheck = 1430;
				LastUpgradeCheck = 1430;
				TargetAttributes = {
					C86E14AD2AB1AF4C00CBA201 = {
						CreatedOnToolsVersion = 14.3.1;
					};
				};
			};
			buildConfigurationList = C86E14A92AB1AF4C00CBA201 /* Build configuration list for PBXProject "Volleyer" */;
			compatibilityVersion = "Xcode 14.0";
			developmentRegion = en;
			hasScannedForEncodings = 0;
			knownRegions = (
				en,
				Base,
			);
			mainGroup = C86E14A52AB1AF4C00CBA201;
			productRefGroup = C86E14AF2AB1AF4C00CBA201 /* Products */;
			projectDirPath = "";
			projectRoot = "";
			targets = (
				C86E14AD2AB1AF4C00CBA201 /* Volleyer */,
			);
		};
/* End PBXProject section */

/* Begin PBXResourcesBuildPhase section */
		C86E14AC2AB1AF4C00CBA201 /* Resources */ = {
			isa = PBXResourcesBuildPhase;
			buildActionMask = 2147483647;
			files = (
				C86E15132AB42A6A00CBA201 /* .swiftlint.yml in Resources */,
				C89961252AC2C33100C5D35D /* Nunito-VariableFont_wght.ttf in Resources */,
				C89960FB2ABAE8C300C5D35D /* GoogleService-Info.plist in Resources */,
				C899610F2AC038C600C5D35D /* PlayOne.storyboard in Resources */,
				C86E14BE2AB1AF4E00CBA201 /* LaunchScreen.storyboard in Resources */,
				C89961242AC2C32D00C5D35D /* Nunito-Italic-VariableFont_wght.ttf in Resources */,
				C86E14BB2AB1AF4E00CBA201 /* Assets.xcassets in Resources */,
			);
			runOnlyForDeploymentPostprocessing = 0;
		};
/* End PBXResourcesBuildPhase section */

/* Begin PBXShellScriptBuildPhase section */
		ABC7D4D0E4BF54FC923A0A0B /* [CP] Check Pods Manifest.lock */ = {
			isa = PBXShellScriptBuildPhase;
			buildActionMask = 2147483647;
			files = (
			);
			inputFileListPaths = (
			);
			inputPaths = (
				"${PODS_PODFILE_DIR_PATH}/Podfile.lock",
				"${PODS_ROOT}/Manifest.lock",
			);
			name = "[CP] Check Pods Manifest.lock";
			outputFileListPaths = (
			);
			outputPaths = (
				"$(DERIVED_FILE_DIR)/Pods-Volleyer-checkManifestLockResult.txt",
			);
			runOnlyForDeploymentPostprocessing = 0;
			shellPath = /bin/sh;
			shellScript = "diff \"${PODS_PODFILE_DIR_PATH}/Podfile.lock\" \"${PODS_ROOT}/Manifest.lock\" > /dev/null\nif [ $? != 0 ] ; then\n    # print error to STDERR\n    echo \"error: The sandbox is not in sync with the Podfile.lock. Run 'pod install' or update your CocoaPods installation.\" >&2\n    exit 1\nfi\n# This output is used by Xcode 'outputs' to avoid re-running this script phase.\necho \"SUCCESS\" > \"${SCRIPT_OUTPUT_FILE_0}\"\n";
			showEnvVarsInLog = 0;
		};
		C86E15112AB408ED00CBA201 /* ShellScript */ = {
			isa = PBXShellScriptBuildPhase;
			buildActionMask = 2147483647;
			files = (
			);
			inputFileListPaths = (
			);
			inputPaths = (
			);
			outputFileListPaths = (
			);
			outputPaths = (
			);
			runOnlyForDeploymentPostprocessing = 0;
			shellPath = /bin/sh;
			shellScript = "\"${PODS_ROOT}/SwiftLint/swiftlint\"\n";
		};
		D7DDCE8F232239B9E66259F9 /* [CP] Embed Pods Frameworks */ = {
			isa = PBXShellScriptBuildPhase;
			buildActionMask = 2147483647;
			files = (
			);
			inputFileListPaths = (
				"${PODS_ROOT}/Target Support Files/Pods-Volleyer/Pods-Volleyer-frameworks-${CONFIGURATION}-input-files.xcfilelist",
			);
			name = "[CP] Embed Pods Frameworks";
			outputFileListPaths = (
				"${PODS_ROOT}/Target Support Files/Pods-Volleyer/Pods-Volleyer-frameworks-${CONFIGURATION}-output-files.xcfilelist",
			);
			runOnlyForDeploymentPostprocessing = 0;
			shellPath = /bin/sh;
			shellScript = "\"${PODS_ROOT}/Target Support Files/Pods-Volleyer/Pods-Volleyer-frameworks.sh\"\n";
			showEnvVarsInLog = 0;
		};
/* End PBXShellScriptBuildPhase section */

/* Begin PBXSourcesBuildPhase section */
		C86E14AA2AB1AF4C00CBA201 /* Sources */ = {
			isa = PBXSourcesBuildPhase;
			buildActionMask = 2147483647;
			files = (
				C89961202AC29BDE00C5D35D /* UIColor+Extension.swift in Sources */,
				C86E15212AB4436B00CBA201 /* EstablishFinderViewController.swift in Sources */,
				C89961092ABD933700C5D35D /* ProfileView.swift in Sources */,
				C86E15352AB6A54E00CBA201 /* MyPlaysViewController.swift in Sources */,
				C89961112AC03C0700C5D35D /* PlayOneViewController.swift in Sources */,
				C86E14B62AB1AF4C00CBA201 /* FinderViewController.swift in Sources */,
				C89961072ABD687300C5D35D /* RequestSentViewController.swift in Sources */,
				C86E15192AB438EE00CBA201 /* CompetitionsViewController.swift in Sources */,
				C89961032ABC183200C5D35D /* Notifications.swift in Sources */,
				C86E151F2AB43B8600CBA201 /* TabBarViewController.swift in Sources */,
				C89961192AC16BC400C5D35D /* PlayOneFinderViewController.swift in Sources */,
				C86E152A2AB55ABA00CBA201 /* PlayerListTableViewCell.swift in Sources */,
				C800511F2AB834A000FEA7FD /* MyFinderInfoViewController.swift in Sources */,
				C86E152E2AB598CD00CBA201 /* Play.swift in Sources */,
				C80051232AB844F700FEA7FD /* RandomTeamViewController.swift in Sources */,
				C86E153D2AB80DEF00CBA201 /* CompetitionTableViewCell.swift in Sources */,
				C89961272AC2C49600C5D35D /* UIFont+Extension.swift in Sources */,
				C86E15152AB437AB00CBA201 /* NavBarAndTabBar.swift in Sources */,
				C89961012ABBF11500C5D35D /* RequestsTableViewCell.swift in Sources */,
				C86E15372AB6ABBB00CBA201 /* PlayInfoView.swift in Sources */,
				C899610D2ABDD3E300C5D35D /* InfoViewController.swift in Sources */,
				C89961172AC043D200C5D35D /* PlayOne.swift in Sources */,
				C89961132AC03C1E00C5D35D /* PlayOneTableViewCell.swift in Sources */,
				C89961152AC03C2C00C5D35D /* PlayOneCollectionViewCell.swift in Sources */,
				C800511D2AB8349300FEA7FD /* MyPlayInfoViewController.swift in Sources */,
				C86E15392AB6ECCF00CBA201 /* PlayTableViewCell.swift in Sources */,
				C899611E2AC2680300C5D35D /* UIImage+Extension.swift in Sources */,
				C86E15332AB6A52C00CBA201 /* MyFindersViewController.swift in Sources */,
				C899610B2ABD963D00C5D35D /* ProfileViewController.swift in Sources */,
				C86E15172AB438BF00CBA201 /* MyViewController.swift in Sources */,
				C86E152C2AB5897500CBA201 /* Seletions.swift in Sources */,
				C89960FD2ABBE0D200C5D35D /* RequestsReceivedViewController.swift in Sources */,
				C86E15242AB4A33600CBA201 /* StandardAmounts.swift in Sources */,
				C86E15262AB4A35500CBA201 /* Levels.swift in Sources */,
				C86E15102AB31FF300CBA201 /* FinderTableViewCell.swift in Sources */,
				C86E15312AB5D69A00CBA201 /* DataManager.swift in Sources */,
				C86E15422AB8249400CBA201 /* AddPlayViewController.swift in Sources */,
				C86E14B22AB1AF4C00CBA201 /* AppDelegate.swift in Sources */,
				C86E15282AB5584B00CBA201 /* PlayerListTableView.swift in Sources */,
				C86E151D2AB4392700CBA201 /* CommunityViewController.swift in Sources */,
				C800512B2AB92C8B00FEA7FD /* CameraViewController.swift in Sources */,
				C86E14B42AB1AF4C00CBA201 /* SceneDelegate.swift in Sources */,
				C86E153B2AB7FE6900CBA201 /* Competition.swift in Sources */,
				C89960FF2ABBEE9600C5D35D /* Requests.swift in Sources */,
				C800512F2AB9890700FEA7FD /* User.swift in Sources */,
			);
			runOnlyForDeploymentPostprocessing = 0;
		};
/* End PBXSourcesBuildPhase section */

/* Begin PBXVariantGroup section */
		C86E14BC2AB1AF4E00CBA201 /* LaunchScreen.storyboard */ = {
			isa = PBXVariantGroup;
			children = (
				C86E14BD2AB1AF4E00CBA201 /* Base */,
			);
			name = LaunchScreen.storyboard;
			sourceTree = "<group>";
		};
/* End PBXVariantGroup section */

/* Begin XCBuildConfiguration section */
		C86E14C02AB1AF4E00CBA201 /* Debug */ = {
			isa = XCBuildConfiguration;
			buildSettings = {
				ALWAYS_SEARCH_USER_PATHS = NO;
				CLANG_ANALYZER_NONNULL = YES;
				CLANG_ANALYZER_NUMBER_OBJECT_CONVERSION = YES_AGGRESSIVE;
				CLANG_CXX_LANGUAGE_STANDARD = "gnu++20";
				CLANG_ENABLE_MODULES = YES;
				CLANG_ENABLE_OBJC_ARC = YES;
				CLANG_ENABLE_OBJC_WEAK = YES;
				CLANG_WARN_BLOCK_CAPTURE_AUTORELEASING = YES;
				CLANG_WARN_BOOL_CONVERSION = YES;
				CLANG_WARN_COMMA = YES;
				CLANG_WARN_CONSTANT_CONVERSION = YES;
				CLANG_WARN_DEPRECATED_OBJC_IMPLEMENTATIONS = YES;
				CLANG_WARN_DIRECT_OBJC_ISA_USAGE = YES_ERROR;
				CLANG_WARN_DOCUMENTATION_COMMENTS = YES;
				CLANG_WARN_EMPTY_BODY = YES;
				CLANG_WARN_ENUM_CONVERSION = YES;
				CLANG_WARN_INFINITE_RECURSION = YES;
				CLANG_WARN_INT_CONVERSION = YES;
				CLANG_WARN_NON_LITERAL_NULL_CONVERSION = YES;
				CLANG_WARN_OBJC_IMPLICIT_RETAIN_SELF = YES;
				CLANG_WARN_OBJC_LITERAL_CONVERSION = YES;
				CLANG_WARN_OBJC_ROOT_CLASS = YES_ERROR;
				CLANG_WARN_QUOTED_INCLUDE_IN_FRAMEWORK_HEADER = YES;
				CLANG_WARN_RANGE_LOOP_ANALYSIS = YES;
				CLANG_WARN_STRICT_PROTOTYPES = YES;
				CLANG_WARN_SUSPICIOUS_MOVE = YES;
				CLANG_WARN_UNGUARDED_AVAILABILITY = YES_AGGRESSIVE;
				CLANG_WARN_UNREACHABLE_CODE = YES;
				CLANG_WARN__DUPLICATE_METHOD_MATCH = YES;
				COPY_PHASE_STRIP = NO;
				DEBUG_INFORMATION_FORMAT = dwarf;
				ENABLE_STRICT_OBJC_MSGSEND = YES;
				ENABLE_TESTABILITY = YES;
				GCC_C_LANGUAGE_STANDARD = gnu11;
				GCC_DYNAMIC_NO_PIC = NO;
				GCC_NO_COMMON_BLOCKS = YES;
				GCC_OPTIMIZATION_LEVEL = 0;
				GCC_PREPROCESSOR_DEFINITIONS = (
					"DEBUG=1",
					"$(inherited)",
				);
				GCC_WARN_64_TO_32_BIT_CONVERSION = YES;
				GCC_WARN_ABOUT_RETURN_TYPE = YES_ERROR;
				GCC_WARN_UNDECLARED_SELECTOR = YES;
				GCC_WARN_UNINITIALIZED_AUTOS = YES_AGGRESSIVE;
				GCC_WARN_UNUSED_FUNCTION = YES;
				GCC_WARN_UNUSED_VARIABLE = YES;
				IPHONEOS_DEPLOYMENT_TARGET = 16.4;
				MTL_ENABLE_DEBUG_INFO = INCLUDE_SOURCE;
				MTL_FAST_MATH = YES;
				ONLY_ACTIVE_ARCH = YES;
				SDKROOT = iphoneos;
				SWIFT_ACTIVE_COMPILATION_CONDITIONS = DEBUG;
				SWIFT_OPTIMIZATION_LEVEL = "-Onone";
			};
			name = Debug;
		};
		C86E14C12AB1AF4E00CBA201 /* Release */ = {
			isa = XCBuildConfiguration;
			buildSettings = {
				ALWAYS_SEARCH_USER_PATHS = NO;
				CLANG_ANALYZER_NONNULL = YES;
				CLANG_ANALYZER_NUMBER_OBJECT_CONVERSION = YES_AGGRESSIVE;
				CLANG_CXX_LANGUAGE_STANDARD = "gnu++20";
				CLANG_ENABLE_MODULES = YES;
				CLANG_ENABLE_OBJC_ARC = YES;
				CLANG_ENABLE_OBJC_WEAK = YES;
				CLANG_WARN_BLOCK_CAPTURE_AUTORELEASING = YES;
				CLANG_WARN_BOOL_CONVERSION = YES;
				CLANG_WARN_COMMA = YES;
				CLANG_WARN_CONSTANT_CONVERSION = YES;
				CLANG_WARN_DEPRECATED_OBJC_IMPLEMENTATIONS = YES;
				CLANG_WARN_DIRECT_OBJC_ISA_USAGE = YES_ERROR;
				CLANG_WARN_DOCUMENTATION_COMMENTS = YES;
				CLANG_WARN_EMPTY_BODY = YES;
				CLANG_WARN_ENUM_CONVERSION = YES;
				CLANG_WARN_INFINITE_RECURSION = YES;
				CLANG_WARN_INT_CONVERSION = YES;
				CLANG_WARN_NON_LITERAL_NULL_CONVERSION = YES;
				CLANG_WARN_OBJC_IMPLICIT_RETAIN_SELF = YES;
				CLANG_WARN_OBJC_LITERAL_CONVERSION = YES;
				CLANG_WARN_OBJC_ROOT_CLASS = YES_ERROR;
				CLANG_WARN_QUOTED_INCLUDE_IN_FRAMEWORK_HEADER = YES;
				CLANG_WARN_RANGE_LOOP_ANALYSIS = YES;
				CLANG_WARN_STRICT_PROTOTYPES = YES;
				CLANG_WARN_SUSPICIOUS_MOVE = YES;
				CLANG_WARN_UNGUARDED_AVAILABILITY = YES_AGGRESSIVE;
				CLANG_WARN_UNREACHABLE_CODE = YES;
				CLANG_WARN__DUPLICATE_METHOD_MATCH = YES;
				COPY_PHASE_STRIP = NO;
				DEBUG_INFORMATION_FORMAT = "dwarf-with-dsym";
				ENABLE_NS_ASSERTIONS = NO;
				ENABLE_STRICT_OBJC_MSGSEND = YES;
				GCC_C_LANGUAGE_STANDARD = gnu11;
				GCC_NO_COMMON_BLOCKS = YES;
				GCC_WARN_64_TO_32_BIT_CONVERSION = YES;
				GCC_WARN_ABOUT_RETURN_TYPE = YES_ERROR;
				GCC_WARN_UNDECLARED_SELECTOR = YES;
				GCC_WARN_UNINITIALIZED_AUTOS = YES_AGGRESSIVE;
				GCC_WARN_UNUSED_FUNCTION = YES;
				GCC_WARN_UNUSED_VARIABLE = YES;
				IPHONEOS_DEPLOYMENT_TARGET = 16.4;
				MTL_ENABLE_DEBUG_INFO = NO;
				MTL_FAST_MATH = YES;
				SDKROOT = iphoneos;
				SWIFT_COMPILATION_MODE = wholemodule;
				SWIFT_OPTIMIZATION_LEVEL = "-O";
				VALIDATE_PRODUCT = YES;
			};
			name = Release;
		};
		C86E14C32AB1AF4E00CBA201 /* Debug */ = {
			isa = XCBuildConfiguration;
			baseConfigurationReference = EB91A464CEF199896074B7AE /* Pods-Volleyer.debug.xcconfig */;
			buildSettings = {
				ASSETCATALOG_COMPILER_APPICON_NAME = AppIcon;
				ASSETCATALOG_COMPILER_GLOBAL_ACCENT_COLOR_NAME = AccentColor;
				CODE_SIGN_ENTITLEMENTS = Volleyer/Volleyer.entitlements;
				CODE_SIGN_STYLE = Automatic;
				CURRENT_PROJECT_VERSION = 1;
				DEVELOPMENT_TEAM = 3S3J2NAHLU;
				GENERATE_INFOPLIST_FILE = YES;
				INFOPLIST_FILE = Volleyer/Info.plist;
				INFOPLIST_KEY_NSCameraUsageDescription = "Please allow access to take a picture for this app!";
				INFOPLIST_KEY_UIApplicationSupportsIndirectInputEvents = YES;
				INFOPLIST_KEY_UILaunchStoryboardName = LaunchScreen;
				INFOPLIST_KEY_UISupportedInterfaceOrientations_iPad = "UIInterfaceOrientationPortrait UIInterfaceOrientationPortraitUpsideDown UIInterfaceOrientationLandscapeLeft UIInterfaceOrientationLandscapeRight";
				INFOPLIST_KEY_UISupportedInterfaceOrientations_iPhone = "UIInterfaceOrientationPortrait UIInterfaceOrientationLandscapeLeft UIInterfaceOrientationLandscapeRight";
				IPHONEOS_DEPLOYMENT_TARGET = 15.0;
				LD_RUNPATH_SEARCH_PATHS = (
					"$(inherited)",
					"@executable_path/Frameworks",
				);
				MARKETING_VERSION = 0.0.3;
				PRODUCT_BUNDLE_IDENTIFIER = com.TungLee.Volleyer;
				PRODUCT_NAME = "$(TARGET_NAME)";
				SWIFT_EMIT_LOC_STRINGS = YES;
				SWIFT_VERSION = 5.0;
				TARGETED_DEVICE_FAMILY = "1,2";
			};
			name = Debug;
		};
		C86E14C42AB1AF4E00CBA201 /* Release */ = {
			isa = XCBuildConfiguration;
			baseConfigurationReference = 77A2C1FD5979003FEF520EB2 /* Pods-Volleyer.release.xcconfig */;
			buildSettings = {
				ASSETCATALOG_COMPILER_APPICON_NAME = AppIcon;
				ASSETCATALOG_COMPILER_GLOBAL_ACCENT_COLOR_NAME = AccentColor;
				CODE_SIGN_ENTITLEMENTS = Volleyer/Volleyer.entitlements;
				CODE_SIGN_STYLE = Automatic;
				CURRENT_PROJECT_VERSION = 1;
				DEVELOPMENT_TEAM = 3S3J2NAHLU;
				GENERATE_INFOPLIST_FILE = YES;
				INFOPLIST_FILE = Volleyer/Info.plist;
				INFOPLIST_KEY_NSCameraUsageDescription = "Please allow access to take a picture for this app!";
				INFOPLIST_KEY_UIApplicationSupportsIndirectInputEvents = YES;
				INFOPLIST_KEY_UILaunchStoryboardName = LaunchScreen;
				INFOPLIST_KEY_UISupportedInterfaceOrientations_iPad = "UIInterfaceOrientationPortrait UIInterfaceOrientationPortraitUpsideDown UIInterfaceOrientationLandscapeLeft UIInterfaceOrientationLandscapeRight";
				INFOPLIST_KEY_UISupportedInterfaceOrientations_iPhone = "UIInterfaceOrientationPortrait UIInterfaceOrientationLandscapeLeft UIInterfaceOrientationLandscapeRight";
				IPHONEOS_DEPLOYMENT_TARGET = 15.0;
				LD_RUNPATH_SEARCH_PATHS = (
					"$(inherited)",
					"@executable_path/Frameworks",
				);
				MARKETING_VERSION = 0.0.3;
				PRODUCT_BUNDLE_IDENTIFIER = com.TungLee.Volleyer;
				PRODUCT_NAME = "$(TARGET_NAME)";
				SWIFT_EMIT_LOC_STRINGS = YES;
				SWIFT_VERSION = 5.0;
				TARGETED_DEVICE_FAMILY = "1,2";
			};
			name = Release;
		};
/* End XCBuildConfiguration section */

/* Begin XCConfigurationList section */
		C86E14A92AB1AF4C00CBA201 /* Build configuration list for PBXProject "Volleyer" */ = {
			isa = XCConfigurationList;
			buildConfigurations = (
				C86E14C02AB1AF4E00CBA201 /* Debug */,
				C86E14C12AB1AF4E00CBA201 /* Release */,
			);
			defaultConfigurationIsVisible = 0;
			defaultConfigurationName = Release;
		};
		C86E14C22AB1AF4E00CBA201 /* Build configuration list for PBXNativeTarget "Volleyer" */ = {
			isa = XCConfigurationList;
			buildConfigurations = (
				C86E14C32AB1AF4E00CBA201 /* Debug */,
				C86E14C42AB1AF4E00CBA201 /* Release */,
			);
			defaultConfigurationIsVisible = 0;
			defaultConfigurationName = Release;
		};
/* End XCConfigurationList section */
	};
	rootObject = C86E14A62AB1AF4C00CBA201 /* Project object */;
}
